
Microsoft Visual Studio Solution File, Format Version 12.00
# Visual Studio 14
VisualStudioVersion = 14.0.25420.1
MinimumVisualStudioVersion = 10.0.40219.1
Project("{FAE04EC0-301F-11D3-BF4B-00C04F79EFBC}") = "C1ExcelSample001", "C1ExcelSample001\C1ExcelSample001.csproj", "{36B17D72-75E0-4300-BE8A-96D80BA892CB}"
EndProject
Global
	GlobalSection(SolutionConfigurationPlatforms) = preSolution
		Debug|Any CPU = Debug|Any CPU
		Release|Any CPU = Release|Any CPU
	EndGlobalSection
	GlobalSection(ProjectConfigurationPlatforms) = postSolution
		{36B17D72-75E0-4300-BE8A-96D80BA892CB}.Debug|Any CPU.ActiveCfg = Debug|Any CPU
		{36B17D72-75E0-4300-BE8A-96D80BA892CB}.Debug|Any CPU.Build.0 = Debug|Any CPU
		{36B17D72-75E0-4300-BE8A-96D80BA892CB}.Release|Any CPU.ActiveCfg = Release|Any CPU
		{36B17D72-75E0-4300-BE8A-96D80BA892CB}.Release|Any CPU.Build.0 = Release|Any CPU
	EndGlobalSection
	GlobalSection(SolutionProperties) = preSolution
		HideSolutionNode = FALSE
	EndGlobalSection
EndGlobal
